// !$*UTF8*$!
{
	archiveVersion = 1;
	classes = {
	};
	objectVersion = 56;
	objects = {

/* Begin PBXBuildFile section */
		682A8C5E2C5CE63D00262337 /* AlignmentDemoApp.swift in Sources */ = {isa = PBXBuildFile; fileRef = 682A8C5D2C5CE63D00262337 /* AlignmentDemoApp.swift */; };
		682A8C602C5CE63D00262337 /* ContentView.swift in Sources */ = {isa = PBXBuildFile; fileRef = 682A8C5F2C5CE63D00262337 /* ContentView.swift */; };
		682A8C622C5CE63E00262337 /* Assets.xcassets in Resources */ = {isa = PBXBuildFile; fileRef = 682A8C612C5CE63E00262337 /* Assets.xcassets */; };
		682A8C652C5CE63E00262337 /* Preview Assets.xcassets in Resources */ = {isa = PBXBuildFile; fileRef = 682A8C642C5CE63E00262337 /* Preview Assets.xcassets */; };
		682A8C6C2C5CEB6F00262337 /* CatView.swift in Sources */ = {isa = PBXBuildFile; fileRef = 682A8C6B2C5CEB6F00262337 /* CatView.swift */; };
		682A8C6E2C5CEEB500262337 /* Weekday.swift in Sources */ = {isa = PBXBuildFile; fileRef = 682A8C6D2C5CEEB500262337 /* Weekday.swift */; };
		682A8C702C5CEF6300262337 /* CustomAlignmentGuideExampleView.swift in Sources */ = {isa = PBXBuildFile; fileRef = 682A8C6F2C5CEF6300262337 /* CustomAlignmentGuideExampleView.swift */; };
		682A8C722C5CEF9A00262337 /* AlignViewsAcrossStacksExampleView.swift in Sources */ = {isa = PBXBuildFile; fileRef = 682A8C712C5CEF9A00262337 /* AlignViewsAcrossStacksExampleView.swift */; };
		682A8C742C5CF04D00262337 /* UserInformationPageView.swift in Sources */ = {isa = PBXBuildFile; fileRef = 682A8C732C5CF04D00262337 /* UserInformationPageView.swift */; };
/* End PBXBuildFile section */

/* Begin PBXFileReference section */
		682A8C5A2C5CE63D00262337 /* AlignmentDemo.app */ = {isa = PBXFileReference; explicitFileType = wrapper.application; includeInIndex = 0; path = AlignmentDemo.app; sourceTree = BUILT_PRODUCTS_DIR; };
		682A8C5D2C5CE63D00262337 /* AlignmentDemoApp.swift */ = {isa = PBXFileReference; lastKnownFileType = sourcecode.swift; path = AlignmentDemoApp.swift; sourceTree = "<group>"; };
		682A8C5F2C5CE63D00262337 /* ContentView.swift */ = {isa = PBXFileReference; lastKnownFileType = sourcecode.swift; path = ContentView.swift; sourceTree = "<group>"; };
		682A8C612C5CE63E00262337 /* Assets.xcassets */ = {isa = PBXFileReference; lastKnownFileType = folder.assetcatalog; path = Assets.xcassets; sourceTree = "<group>"; };
		682A8C642C5CE63E00262337 /* Preview Assets.xcassets */ = {isa = PBXFileReference; lastKnownFileType = folder.assetcatalog; path = "Preview Assets.xcassets"; sourceTree = "<group>"; };
		682A8C6B2C5CEB6F00262337 /* CatView.swift */ = {isa = PBXFileReference; lastKnownFileType = sourcecode.swift; path = CatView.swift; sourceTree = "<group>"; };
		682A8C6D2C5CEEB500262337 /* Weekday.swift */ = {isa = PBXFileReference; lastKnownFileType = sourcecode.swift; path = Weekday.swift; sourceTree = "<group>"; };
		682A8C6F2C5CEF6300262337 /* CustomAlignmentGuideExampleView.swift */ = {isa = PBXFileReference; lastKnownFileType = sourcecode.swift; path = CustomAlignmentGuideExampleView.swift; sourceTree = "<group>"; };
		682A8C712C5CEF9A00262337 /* AlignViewsAcrossStacksExampleView.swift */ = {isa = PBXFileReference; lastKnownFileType = sourcecode.swift; path = AlignViewsAcrossStacksExampleView.swift; sourceTree = "<group>"; };
		682A8C732C5CF04D00262337 /* UserInformationPageView.swift */ = {isa = PBXFileReference; lastKnownFileType = sourcecode.swift; path = UserInformationPageView.swift; sourceTree = "<group>"; };
/* End PBXFileReference section */

/* Begin PBXFrameworksBuildPhase section */
		682A8C572C5CE63D00262337 /* Frameworks */ = {
			isa = PBXFrameworksBuildPhase;
			buildActionMask = 2147483647;
			files = (
			);
			runOnlyForDeploymentPostprocessing = 0;
		};
/* End PBXFrameworksBuildPhase section */

/* Begin PBXGroup section */
		682A8C512C5CE63D00262337 = {
			isa = PBXGroup;
			children = (
				682A8C5C2C5CE63D00262337 /* AlignmentDemo */,
				682A8C5B2C5CE63D00262337 /* Products */,
			);
			sourceTree = "<group>";
		};
		682A8C5B2C5CE63D00262337 /* Products */ = {
			isa = PBXGroup;
			children = (
				682A8C5A2C5CE63D00262337 /* AlignmentDemo.app */,
			);
			name = Products;
			sourceTree = "<group>";
		};
		682A8C5C2C5CE63D00262337 /* AlignmentDemo */ = {
			isa = PBXGroup;
			children = (
				682A8C5D2C5CE63D00262337 /* AlignmentDemoApp.swift */,
				682A8C5F2C5CE63D00262337 /* ContentView.swift */,
				682A8C6F2C5CEF6300262337 /* CustomAlignmentGuideExampleView.swift */,
				682A8C712C5CEF9A00262337 /* AlignViewsAcrossStacksExampleView.swift */,
				682A8C732C5CF04D00262337 /* UserInformationPageView.swift */,
				682A8C6B2C5CEB6F00262337 /* CatView.swift */,
				682A8C6D2C5CEEB500262337 /* Weekday.swift */,
				682A8C612C5CE63E00262337 /* Assets.xcassets */,
				682A8C632C5CE63E00262337 /* Preview Content */,
			);
			path = AlignmentDemo;
			sourceTree = "<group>";
		};
		682A8C632C5CE63E00262337 /* Preview Content */ = {
			isa = PBXGroup;
			children = (
				682A8C642C5CE63E00262337 /* Preview Assets.xcassets */,
			);
			path = "Preview Content";
			sourceTree = "<group>";
		};
/* End PBXGroup section */

/* Begin PBXNativeTarget section */
		682A8C592C5CE63D00262337 /* AlignmentDemo */ = {
			isa = PBXNativeTarget;
			buildConfigurationList = 682A8C682C5CE63E00262337 /* Build configuration list for PBXNativeTarget "AlignmentDemo" */;
			buildPhases = (
				682A8C562C5CE63D00262337 /* Sources */,
				682A8C572C5CE63D00262337 /* Frameworks */,
				682A8C582C5CE63D00262337 /* Resources */,
			);
			buildRules = (
			);
			dependencies = (
			);
			name = AlignmentDemo;
			productName = AlignmentDemo;
			productReference = 682A8C5A2C5CE63D00262337 /* AlignmentDemo.app */;
			productType = "com.apple.product-type.application";
		};
/* End PBXNativeTarget section */

/* Begin PBXProject section */
		682A8C522C5CE63D00262337 /* Project object */ = {
			isa = PBXProject;
			attributes = {
				BuildIndependentTargetsInParallel = 1;
				LastSwiftUpdateCheck = 1520;
				LastUpgradeCheck = 1520;
				TargetAttributes = {
					682A8C592C5CE63D00262337 = {
						CreatedOnToolsVersion = 15.2;
					};
				};
			};
			buildConfigurationList = 682A8C552C5CE63D00262337 /* Build configuration list for PBXProject "AlignmentDemo" */;
			compatibilityVersion = "Xcode 14.0";
			developmentRegion = en;
			hasScannedForEncodings = 0;
			knownRegions = (
				en,
				Base,
			);
			mainGroup = 682A8C512C5CE63D00262337;
			productRefGroup = 682A8C5B2C5CE63D00262337 /* Products */;
			projectDirPath = "";
			projectRoot = "";
			targets = (
				682A8C592C5CE63D00262337 /* AlignmentDemo */,
			);
		};
/* End PBXProject section */

/* Begin PBXResourcesBuildPhase section */
		682A8C582C5CE63D00262337 /* Resources */ = {
			isa = PBXResourcesBuildPhase;
			buildActionMask = 2147483647;
			files = (
				682A8C652C5CE63E00262337 /* Preview Assets.xcassets in Resources */,
				682A8C622C5CE63E00262337 /* Assets.xcassets in Resources */,
			);
			runOnlyForDeploymentPostprocessing = 0;
		};
/* End PBXResourcesBuildPhase section */

/* Begin PBXSourcesBuildPhase section */
		682A8C562C5CE63D00262337 /* Sources */ = {
			isa = PBXSourcesBuildPhase;
			buildActionMask = 2147483647;
			files = (
				682A8C702C5CEF6300262337 /* CustomAlignmentGuideExampleView.swift in Sources */,
				682A8C602C5CE63D00262337 /* ContentView.swift in Sources */,
				682A8C722C5CEF9A00262337 /* AlignViewsAcrossStacksExampleView.swift in Sources */,
				682A8C5E2C5CE63D00262337 /* AlignmentDemoApp.swift in Sources */,
				682A8C6E2C5CEEB500262337 /* Weekday.swift in Sources */,
				682A8C6C2C5CEB6F00262337 /* CatView.swift in Sources */,
				682A8C742C5CF04D00262337 /* UserInformationPageView.swift in Sources */,
			);
			runOnlyForDeploymentPostprocessing = 0;
		};
/* End PBXSourcesBuildPhase section */

/* Begin XCBuildConfiguration section */
		682A8C662C5CE63E00262337 /* Debug */ = {
			isa = XCBuildConfiguration;
			buildSettings = {
				ALWAYS_SEARCH_USER_PATHS = NO;
				ASSETCATALOG_COMPILER_GENERATE_SWIFT_ASSET_SYMBOL_EXTENSIONS = YES;
				CLANG_ANALYZER_NONNULL = YES;
				CLANG_ANALYZER_NUMBER_OBJECT_CONVERSION = YES_AGGRESSIVE;
				CLANG_CXX_LANGUAGE_STANDARD = "gnu++20";
				CLANG_ENABLE_MODULES = YES;
				CLANG_ENABLE_OBJC_ARC = YES;
				CLANG_ENABLE_OBJC_WEAK = YES;
				CLANG_WARN_BLOCK_CAPTURE_AUTORELEASING = YES;
				CLANG_WARN_BOOL_CONVERSION = YES;
				CLANG_WARN_COMMA = YES;
				CLANG_WARN_CONSTANT_CONVERSION = YES;
				CLANG_WARN_DEPRECATED_OBJC_IMPLEMENTATIONS = YES;
				CLANG_WARN_DIRECT_OBJC_ISA_USAGE = YES_ERROR;
				CLANG_WARN_DOCUMENTATION_COMMENTS = YES;
				CLANG_WARN_EMPTY_BODY = YES;
				CLANG_WARN_ENUM_CONVERSION = YES;
				CLANG_WARN_INFINITE_RECURSION = YES;
				CLANG_WARN_INT_CONVERSION = YES;
				CLANG_WARN_NON_LITERAL_NULL_CONVERSION = YES;
				CLANG_WARN_OBJC_IMPLICIT_RETAIN_SELF = YES;
				CLANG_WARN_OBJC_LITERAL_CONVERSION = YES;
				CLANG_WARN_OBJC_ROOT_CLASS = YES_ERROR;
				CLANG_WARN_QUOTED_INCLUDE_IN_FRAMEWORK_HEADER = YES;
				CLANG_WARN_RANGE_LOOP_ANALYSIS = YES;
				CLANG_WARN_STRICT_PROTOTYPES = YES;
				CLANG_WARN_SUSPICIOUS_MOVE = YES;
				CLANG_WARN_UNGUARDED_AVAILABILITY = YES_AGGRESSIVE;
				CLANG_WARN_UNREACHABLE_CODE = YES;
				CLANG_WARN__DUPLICATE_METHOD_MATCH = YES;
				COPY_PHASE_STRIP = NO;
				DEBUG_INFORMATION_FORMAT = dwarf;
				ENABLE_STRICT_OBJC_MSGSEND = YES;
				ENABLE_TESTABILITY = YES;
				ENABLE_USER_SCRIPT_SANDBOXING = YES;
				GCC_C_LANGUAGE_STANDARD = gnu17;
				GCC_DYNAMIC_NO_PIC = NO;
				GCC_NO_COMMON_BLOCKS = YES;
				GCC_OPTIMIZATION_LEVEL = 0;
				GCC_PREPROCESSOR_DEFINITIONS = (
					"DEBUG=1",
					"$(inherited)",
				);
				GCC_WARN_64_TO_32_BIT_CONVERSION = YES;
				GCC_WARN_ABOUT_RETURN_TYPE = YES_ERROR;
				GCC_WARN_UNDECLARED_SELECTOR = YES;
				GCC_WARN_UNINITIALIZED_AUTOS = YES_AGGRESSIVE;
				GCC_WARN_UNUSED_FUNCTION = YES;
				GCC_WARN_UNUSED_VARIABLE = YES;
				IPHONEOS_DEPLOYMENT_TARGET = 17.2;
				LOCALIZATION_PREFERS_STRING_CATALOGS = YES;
				MTL_ENABLE_DEBUG_INFO = INCLUDE_SOURCE;
				MTL_FAST_MATH = YES;
				ONLY_ACTIVE_ARCH = YES;
				SDKROOT = iphoneos;
				SWIFT_ACTIVE_COMPILATION_CONDITIONS = "DEBUG $(inherited)";
				SWIFT_OPTIMIZATION_LEVEL = "-Onone";
			};
			name = Debug;
		};
		682A8C672C5CE63E00262337 /* Release */ = {
			isa = XCBuildConfiguration;
			buildSettings = {
				ALWAYS_SEARCH_USER_PATHS = NO;
				ASSETCATALOG_COMPILER_GENERATE_SWIFT_ASSET_SYMBOL_EXTENSIONS = YES;
				CLANG_ANALYZER_NONNULL = YES;
				CLANG_ANALYZER_NUMBER_OBJECT_CONVERSION = YES_AGGRESSIVE;
				CLANG_CXX_LANGUAGE_STANDARD = "gnu++20";
				CLANG_ENABLE_MODULES = YES;
				CLANG_ENABLE_OBJC_ARC = YES;
				CLANG_ENABLE_OBJC_WEAK = YES;
				CLANG_WARN_BLOCK_CAPTURE_AUTORELEASING = YES;
				CLANG_WARN_BOOL_CONVERSION = YES;
				CLANG_WARN_COMMA = YES;
				CLANG_WARN_CONSTANT_CONVERSION = YES;
				CLANG_WARN_DEPRECATED_OBJC_IMPLEMENTATIONS = YES;
				CLANG_WARN_DIRECT_OBJC_ISA_USAGE = YES_ERROR;
				CLANG_WARN_DOCUMENTATION_COMMENTS = YES;
				CLANG_WARN_EMPTY_BODY = YES;
				CLANG_WARN_ENUM_CONVERSION = YES;
				CLANG_WARN_INFINITE_RECURSION = YES;
				CLANG_WARN_INT_CONVERSION = YES;
				CLANG_WARN_NON_LITERAL_NULL_CONVERSION = YES;
				CLANG_WARN_OBJC_IMPLICIT_RETAIN_SELF = YES;
				CLANG_WARN_OBJC_LITERAL_CONVERSION = YES;
				CLANG_WARN_OBJC_ROOT_CLASS = YES_ERROR;
				CLANG_WARN_QUOTED_INCLUDE_IN_FRAMEWORK_HEADER = YES;
				CLANG_WARN_RANGE_LOOP_ANALYSIS = YES;
				CLANG_WARN_STRICT_PROTOTYPES = YES;
				CLANG_WARN_SUSPICIOUS_MOVE = YES;
				CLANG_WARN_UNGUARDED_AVAILABILITY = YES_AGGRESSIVE;
				CLANG_WARN_UNREACHABLE_CODE = YES;
				CLANG_WARN__DUPLICATE_METHOD_MATCH = YES;
				COPY_PHASE_STRIP = NO;
				DEBUG_INFORMATION_FORMAT = "dwarf-with-dsym";
				ENABLE_NS_ASSERTIONS = NO;
				ENABLE_STRICT_OBJC_MSGSEND = YES;
				ENABLE_USER_SCRIPT_SANDBOXING = YES;
				GCC_C_LANGUAGE_STANDARD = gnu17;
				GCC_NO_COMMON_BLOCKS = YES;
				GCC_WARN_64_TO_32_BIT_CONVERSION = YES;
				GCC_WARN_ABOUT_RETURN_TYPE = YES_ERROR;
				GCC_WARN_UNDECLARED_SELECTOR = YES;
				GCC_WARN_UNINITIALIZED_AUTOS = YES_AGGRESSIVE;
				GCC_WARN_UNUSED_FUNCTION = YES;
				GCC_WARN_UNUSED_VARIABLE = YES;
				IPHONEOS_DEPLOYMENT_TARGET = 17.2;
				LOCALIZATION_PREFERS_STRING_CATALOGS = YES;
				MTL_ENABLE_DEBUG_INFO = NO;
				MTL_FAST_MATH = YES;
				SDKROOT = iphoneos;
				SWIFT_COMPILATION_MODE = wholemodule;
				VALIDATE_PRODUCT = YES;
			};
			name = Release;
		};
		682A8C692C5CE63E00262337 /* Debug */ = {
			isa = XCBuildConfiguration;
			buildSettings = {
				ASSETCATALOG_COMPILER_APPICON_NAME = AppIcon;
				ASSETCATALOG_COMPILER_GLOBAL_ACCENT_COLOR_NAME = AccentColor;
				CODE_SIGN_STYLE = Automatic;
				CURRENT_PROJECT_VERSION = 1;
				DEVELOPMENT_ASSET_PATHS = "\"AlignmentDemo/Preview Content\"";
				ENABLE_PREVIEWS = YES;
				GENERATE_INFOPLIST_FILE = YES;
				INFOPLIST_KEY_UIApplicationSceneManifest_Generation = YES;
				INFOPLIST_KEY_UIApplicationSupportsIndirectInputEvents = YES;
				INFOPLIST_KEY_UILaunchScreen_Generation = YES;
				INFOPLIST_KEY_UISupportedInterfaceOrientations_iPad = "UIInterfaceOrientationPortrait UIInterfaceOrientationPortraitUpsideDown UIInterfaceOrientationLandscapeLeft UIInterfaceOrientationLandscapeRight";
				INFOPLIST_KEY_UISupportedInterfaceOrientations_iPhone = "UIInterfaceOrientationPortrait UIInterfaceOrientationLandscapeLeft UIInterfaceOrientationLandscapeRight";
				LD_RUNPATH_SEARCH_PATHS = (
					"$(inherited)",
					"@executable_path/Frameworks",
				);
				MARKETING_VERSION = 1.0;
				PRODUCT_BUNDLE_IDENTIFIER = com.app.uploadvideo.AlignmentDemo;
				PRODUCT_NAME = "$(TARGET_NAME)";
				SWIFT_EMIT_LOC_STRINGS = YES;
				SWIFT_VERSION = 5.0;
				TARGETED_DEVICE_FAMILY = "1,2";
			};
			name = Debug;
		};
		682A8C6A2C5CE63E00262337 /* Release */ = {
			isa = XCBuildConfiguration;
			buildSettings = {
				ASSETCATALOG_COMPILER_APPICON_NAME = AppIcon;
				ASSETCATALOG_COMPILER_GLOBAL_ACCENT_COLOR_NAME = AccentColor;
				CODE_SIGN_STYLE = Automatic;
				CURRENT_PROJECT_VERSION = 1;
				DEVELOPMENT_ASSET_PATHS = "\"AlignmentDemo/Preview Content\"";
				ENABLE_PREVIEWS = YES;
				GENERATE_INFOPLIST_FILE = YES;
				INFOPLIST_KEY_UIApplicationSceneManifest_Generation = YES;
				INFOPLIST_KEY_UIApplicationSupportsIndirectInputEvents = YES;
				INFOPLIST_KEY_UILaunchScreen_Generation = YES;
				INFOPLIST_KEY_UISupportedInterfaceOrientations_iPad = "UIInterfaceOrientationPortrait UIInterfaceOrientationPortraitUpsideDown UIInterfaceOrientationLandscapeLeft UIInterfaceOrientationLandscapeRight";
				INFOPLIST_KEY_UISupportedInterfaceOrientations_iPhone = "UIInterfaceOrientationPortrait UIInterfaceOrientationLandscapeLeft UIInterfaceOrientationLandscapeRight";
				LD_RUNPATH_SEARCH_PATHS = (
					"$(inherited)",
					"@executable_path/Frameworks",
				);
				MARKETING_VERSION = 1.0;
				PRODUCT_BUNDLE_IDENTIFIER = com.app.uploadvideo.AlignmentDemo;
				PRODUCT_NAME = "$(TARGET_NAME)";
				SWIFT_EMIT_LOC_STRINGS = YES;
				SWIFT_VERSION = 5.0;
				TARGETED_DEVICE_FAMILY = "1,2";
			};
			name = Release;
		};
/* End XCBuildConfiguration section */

/* Begin XCConfigurationList section */
		682A8C552C5CE63D00262337 /* Build configuration list for PBXProject "AlignmentDemo" */ = {
			isa = XCConfigurationList;
			buildConfigurations = (
				682A8C662C5CE63E00262337 /* Debug */,
				682A8C672C5CE63E00262337 /* Release */,
			);
			defaultConfigurationIsVisible = 0;
			defaultConfigurationName = Release;
		};
		682A8C682C5CE63E00262337 /* Build configuration list for PBXNativeTarget "AlignmentDemo" */ = {
			isa = XCConfigurationList;
			buildConfigurations = (
				682A8C692C5CE63E00262337 /* Debug */,
				682A8C6A2C5CE63E00262337 /* Release */,
			);
			defaultConfigurationIsVisible = 0;
			defaultConfigurationName = Release;
		};
/* End XCConfigurationList section */
	};
	rootObject = 682A8C522C5CE63D00262337 /* Project object */;
}
