// !$*UTF8*$!
{
	archiveVersion = 1;
	classes = {
	};
	objectVersion = 56;
	objects = {

/* Begin PBXBuildFile section */
		9A4900552CE3388000C167D3 /* FlipCartApp.swift in Sources */ = {isa = PBXBuildFile; fileRef = 9A4900542CE3388000C167D3 /* FlipCartApp.swift */; };
		9A4900572CE3388000C167D3 /* SignInView.swift in Sources */ = {isa = PBXBuildFile; fileRef = 9A4900562CE3388000C167D3 /* SignInView.swift */; };
		9A4900592CE3388100C167D3 /* Assets.xcassets in Resources */ = {isa = PBXBuildFile; fileRef = 9A4900582CE3388100C167D3 /* Assets.xcassets */; };
		9A49005C2CE3388100C167D3 /* Preview Assets.xcassets in Resources */ = {isa = PBXBuildFile; fileRef = 9A49005B2CE3388100C167D3 /* Preview Assets.xcassets */; };
		9A4900662CE3388200C167D3 /* FlipCartTests.swift in Sources */ = {isa = PBXBuildFile; fileRef = 9A4900652CE3388200C167D3 /* FlipCartTests.swift */; };
		9A4900702CE3388200C167D3 /* FlipCartUITests.swift in Sources */ = {isa = PBXBuildFile; fileRef = 9A49006F2CE3388200C167D3 /* FlipCartUITests.swift */; };
		9A4900722CE3388200C167D3 /* FlipCartUITestsLaunchTests.swift in Sources */ = {isa = PBXBuildFile; fileRef = 9A4900712CE3388200C167D3 /* FlipCartUITestsLaunchTests.swift */; };
		9A49007F2CE3393200C167D3 /* APIEndpoint.swift in Sources */ = {isa = PBXBuildFile; fileRef = 9A49007E2CE3393200C167D3 /* APIEndpoint.swift */; };
		9A4900812CE3394A00C167D3 /* NetworkService.swift in Sources */ = {isa = PBXBuildFile; fileRef = 9A4900802CE3394A00C167D3 /* NetworkService.swift */; };
		9A4900832CE3395E00C167D3 /* AuthRepository.swift in Sources */ = {isa = PBXBuildFile; fileRef = 9A4900822CE3395E00C167D3 /* AuthRepository.swift */; };
		9A4900852CE3397400C167D3 /* AuthRepositoryImpl.swift in Sources */ = {isa = PBXBuildFile; fileRef = 9A4900842CE3397400C167D3 /* AuthRepositoryImpl.swift */; };
		9A4900872CE3398700C167D3 /* AuthCredentials.swift in Sources */ = {isa = PBXBuildFile; fileRef = 9A4900862CE3398700C167D3 /* AuthCredentials.swift */; };
		9A4900892CE3399900C167D3 /* SignInUseCase.swift in Sources */ = {isa = PBXBuildFile; fileRef = 9A4900882CE3399900C167D3 /* SignInUseCase.swift */; };
		9A49008B2CE34D6D00C167D3 /* SignInViewModel.swift in Sources */ = {isa = PBXBuildFile; fileRef = 9A49008A2CE34D6D00C167D3 /* SignInViewModel.swift */; };
		9A49008D2CE34DAE00C167D3 /* ContentView.swift in Sources */ = {isa = PBXBuildFile; fileRef = 9A49008C2CE34DAE00C167D3 /* ContentView.swift */; };
		9A4900932CE34EEF00C167D3 /* Utilities.swift in Sources */ = {isa = PBXBuildFile; fileRef = 9A4900922CE34EEF00C167D3 /* Utilities.swift */; };
		9A49009D2CE34FC700C167D3 /* SignInResponse.swift in Sources */ = {isa = PBXBuildFile; fileRef = 9A49009C2CE34FC700C167D3 /* SignInResponse.swift */; };
		9A4900A72CE3562C00C167D3 /* CoreDataService.swift in Sources */ = {isa = PBXBuildFile; fileRef = 9A4900A62CE3562C00C167D3 /* CoreDataService.swift */; };
		9A4900AA2CE356A100C167D3 /* AuthEntity.swift in Sources */ = {isa = PBXBuildFile; fileRef = 9A4900A92CE356A100C167D3 /* AuthEntity.swift */; };
/* End PBXBuildFile section */

/* Begin PBXContainerItemProxy section */
		9A4900622CE3388200C167D3 /* PBXContainerItemProxy */ = {
			isa = PBXContainerItemProxy;
			containerPortal = 9A4900492CE3388000C167D3 /* Project object */;
			proxyType = 1;
			remoteGlobalIDString = 9A4900502CE3388000C167D3;
			remoteInfo = FlipCart;
		};
		9A49006C2CE3388200C167D3 /* PBXContainerItemProxy */ = {
			isa = PBXContainerItemProxy;
			containerPortal = 9A4900492CE3388000C167D3 /* Project object */;
			proxyType = 1;
			remoteGlobalIDString = 9A4900502CE3388000C167D3;
			remoteInfo = FlipCart;
		};
/* End PBXContainerItemProxy section */

/* Begin PBXFileReference section */
		9A4900512CE3388000C167D3 /* FlipCart.app */ = {isa = PBXFileReference; explicitFileType = wrapper.application; includeInIndex = 0; path = FlipCart.app; sourceTree = BUILT_PRODUCTS_DIR; };
		9A4900542CE3388000C167D3 /* FlipCartApp.swift */ = {isa = PBXFileReference; lastKnownFileType = sourcecode.swift; path = FlipCartApp.swift; sourceTree = "<group>"; };
		9A4900562CE3388000C167D3 /* SignInView.swift */ = {isa = PBXFileReference; lastKnownFileType = sourcecode.swift; path = SignInView.swift; sourceTree = "<group>"; };
		9A4900582CE3388100C167D3 /* Assets.xcassets */ = {isa = PBXFileReference; lastKnownFileType = folder.assetcatalog; path = Assets.xcassets; sourceTree = "<group>"; };
		9A49005B2CE3388100C167D3 /* Preview Assets.xcassets */ = {isa = PBXFileReference; lastKnownFileType = folder.assetcatalog; path = "Preview Assets.xcassets"; sourceTree = "<group>"; };
		9A4900612CE3388200C167D3 /* FlipCartTests.xctest */ = {isa = PBXFileReference; explicitFileType = wrapper.cfbundle; includeInIndex = 0; path = FlipCartTests.xctest; sourceTree = BUILT_PRODUCTS_DIR; };
		9A4900652CE3388200C167D3 /* FlipCartTests.swift */ = {isa = PBXFileReference; lastKnownFileType = sourcecode.swift; path = FlipCartTests.swift; sourceTree = "<group>"; };
		9A49006B2CE3388200C167D3 /* FlipCartUITests.xctest */ = {isa = PBXFileReference; explicitFileType = wrapper.cfbundle; includeInIndex = 0; path = FlipCartUITests.xctest; sourceTree = BUILT_PRODUCTS_DIR; };
		9A49006F2CE3388200C167D3 /* FlipCartUITests.swift */ = {isa = PBXFileReference; lastKnownFileType = sourcecode.swift; path = FlipCartUITests.swift; sourceTree = "<group>"; };
		9A4900712CE3388200C167D3 /* FlipCartUITestsLaunchTests.swift */ = {isa = PBXFileReference; lastKnownFileType = sourcecode.swift; path = FlipCartUITestsLaunchTests.swift; sourceTree = "<group>"; };
		9A49007E2CE3393200C167D3 /* APIEndpoint.swift */ = {isa = PBXFileReference; lastKnownFileType = sourcecode.swift; path = APIEndpoint.swift; sourceTree = "<group>"; };
		9A4900802CE3394A00C167D3 /* NetworkService.swift */ = {isa = PBXFileReference; lastKnownFileType = sourcecode.swift; path = NetworkService.swift; sourceTree = "<group>"; };
		9A4900822CE3395E00C167D3 /* AuthRepository.swift */ = {isa = PBXFileReference; lastKnownFileType = sourcecode.swift; path = AuthRepository.swift; sourceTree = "<group>"; };
		9A4900842CE3397400C167D3 /* AuthRepositoryImpl.swift */ = {isa = PBXFileReference; lastKnownFileType = sourcecode.swift; path = AuthRepositoryImpl.swift; sourceTree = "<group>"; };
		9A4900862CE3398700C167D3 /* AuthCredentials.swift */ = {isa = PBXFileReference; lastKnownFileType = sourcecode.swift; path = AuthCredentials.swift; sourceTree = "<group>"; };
		9A4900882CE3399900C167D3 /* SignInUseCase.swift */ = {isa = PBXFileReference; lastKnownFileType = sourcecode.swift; path = SignInUseCase.swift; sourceTree = "<group>"; };
		9A49008A2CE34D6D00C167D3 /* SignInViewModel.swift */ = {isa = PBXFileReference; lastKnownFileType = sourcecode.swift; path = SignInViewModel.swift; sourceTree = "<group>"; };
		9A49008C2CE34DAE00C167D3 /* ContentView.swift */ = {isa = PBXFileReference; lastKnownFileType = sourcecode.swift; path = ContentView.swift; sourceTree = "<group>"; };
		9A4900922CE34EEF00C167D3 /* Utilities.swift */ = {isa = PBXFileReference; lastKnownFileType = sourcecode.swift; path = Utilities.swift; sourceTree = "<group>"; };
		9A49009C2CE34FC700C167D3 /* SignInResponse.swift */ = {isa = PBXFileReference; lastKnownFileType = sourcecode.swift; path = SignInResponse.swift; sourceTree = "<group>"; };
		9A4900A62CE3562C00C167D3 /* CoreDataService.swift */ = {isa = PBXFileReference; lastKnownFileType = sourcecode.swift; path = CoreDataService.swift; sourceTree = "<group>"; };
		9A4900A92CE356A100C167D3 /* AuthEntity.swift */ = {isa = PBXFileReference; lastKnownFileType = sourcecode.swift; path = AuthEntity.swift; sourceTree = "<group>"; };
/* End PBXFileReference section */

/* Begin PBXFrameworksBuildPhase section */
		9A49004E2CE3388000C167D3 /* Frameworks */ = {
			isa = PBXFrameworksBuildPhase;
			buildActionMask = 2147483647;
			files = (
			);
			runOnlyForDeploymentPostprocessing = 0;
		};
		9A49005E2CE3388200C167D3 /* Frameworks */ = {
			isa = PBXFrameworksBuildPhase;
			buildActionMask = 2147483647;
			files = (
			);
			runOnlyForDeploymentPostprocessing = 0;
		};
		9A4900682CE3388200C167D3 /* Frameworks */ = {
			isa = PBXFrameworksBuildPhase;
			buildActionMask = 2147483647;
			files = (
			);
			runOnlyForDeploymentPostprocessing = 0;
		};
/* End PBXFrameworksBuildPhase section */

/* Begin PBXGroup section */
		9A4900482CE3388000C167D3 = {
			isa = PBXGroup;
			children = (
				9A4900532CE3388000C167D3 /* FlipCart */,
				9A4900642CE3388200C167D3 /* FlipCartTests */,
				9A49006E2CE3388200C167D3 /* FlipCartUITests */,
				9A4900522CE3388000C167D3 /* Products */,
			);
			sourceTree = "<group>";
		};
		9A4900522CE3388000C167D3 /* Products */ = {
			isa = PBXGroup;
			children = (
				9A4900512CE3388000C167D3 /* FlipCart.app */,
				9A4900612CE3388200C167D3 /* FlipCartTests.xctest */,
				9A49006B2CE3388200C167D3 /* FlipCartUITests.xctest */,
			);
			name = Products;
			sourceTree = "<group>";
		};
		9A4900532CE3388000C167D3 /* FlipCart */ = {
			isa = PBXGroup;
			children = (
				9A4900A32CE3514400C167D3 /* Configuration */,
				9A49009F2CE3502B00C167D3 /* Features */,
				9A4900A02CE3505000C167D3 /* Shared */,
				9A4900A42CE3515700C167D3 /* Resources */,
				9A49005A2CE3388100C167D3 /* Preview Content */,
			);
			path = FlipCart;
			sourceTree = "<group>";
		};
		9A49005A2CE3388100C167D3 /* Preview Content */ = {
			isa = PBXGroup;
			children = (
				9A49005B2CE3388100C167D3 /* Preview Assets.xcassets */,
			);
			path = "Preview Content";
			sourceTree = "<group>";
		};
		9A4900642CE3388200C167D3 /* FlipCartTests */ = {
			isa = PBXGroup;
			children = (
				9A4900652CE3388200C167D3 /* FlipCartTests.swift */,
			);
			path = FlipCartTests;
			sourceTree = "<group>";
		};
		9A49006E2CE3388200C167D3 /* FlipCartUITests */ = {
			isa = PBXGroup;
			children = (
				9A49006F2CE3388200C167D3 /* FlipCartUITests.swift */,
				9A4900712CE3388200C167D3 /* FlipCartUITestsLaunchTests.swift */,
			);
			path = FlipCartUITests;
			sourceTree = "<group>";
		};
		9A49008E2CE34EAE00C167D3 /* Presentation */ = {
			isa = PBXGroup;
			children = (
				9A4900902CE34EC600C167D3 /* View Models */,
				9A49008F2CE34EBA00C167D3 /* Views */,
			);
			path = Presentation;
			sourceTree = "<group>";
		};
		9A49008F2CE34EBA00C167D3 /* Views */ = {
			isa = PBXGroup;
			children = (
				9A4900562CE3388000C167D3 /* SignInView.swift */,
			);
			name = Views;
			sourceTree = "<group>";
		};
		9A4900902CE34EC600C167D3 /* View Models */ = {
			isa = PBXGroup;
			children = (
				9A49008A2CE34D6D00C167D3 /* SignInViewModel.swift */,
			);
			name = "View Models";
			sourceTree = "<group>";
		};
		9A4900942CE34F0800C167D3 /* Domain */ = {
			isa = PBXGroup;
			children = (
				9A4900972CE34F3A00C167D3 /* Models */,
				9A4900962CE34F2A00C167D3 /* Repository Interface */,
				9A4900952CE34F1000C167D3 /* UseCases */,
			);
			path = Domain;
			sourceTree = "<group>";
		};
		9A4900952CE34F1000C167D3 /* UseCases */ = {
			isa = PBXGroup;
			children = (
				9A4900882CE3399900C167D3 /* SignInUseCase.swift */,
			);
			path = UseCases;
			sourceTree = "<group>";
		};
		9A4900962CE34F2A00C167D3 /* Repository Interface */ = {
			isa = PBXGroup;
			children = (
				9A4900822CE3395E00C167D3 /* AuthRepository.swift */,
			);
			path = "Repository Interface";
			sourceTree = "<group>";
		};
		9A4900972CE34F3A00C167D3 /* Models */ = {
			isa = PBXGroup;
			children = (
				9A4900862CE3398700C167D3 /* AuthCredentials.swift */,
			);
			path = Models;
			sourceTree = "<group>";
		};
		9A4900982CE34F4E00C167D3 /* Data */ = {
			isa = PBXGroup;
			children = (
				9A4900A82CE3569700C167D3 /* Persistence */,
				9A49009B2CE34FBF00C167D3 /* Models */,
				9A49009A2CE34F6900C167D3 /* Repositories */,
			);
			path = Data;
			sourceTree = "<group>";
		};
		9A49009A2CE34F6900C167D3 /* Repositories */ = {
			isa = PBXGroup;
			children = (
				9A4900842CE3397400C167D3 /* AuthRepositoryImpl.swift */,
			);
			path = Repositories;
			sourceTree = "<group>";
		};
		9A49009B2CE34FBF00C167D3 /* Models */ = {
			isa = PBXGroup;
			children = (
				9A49009C2CE34FC700C167D3 /* SignInResponse.swift */,
			);
			path = Models;
			sourceTree = "<group>";
		};
		9A49009E2CE3502400C167D3 /* SignIn */ = {
			isa = PBXGroup;
			children = (
				9A49008E2CE34EAE00C167D3 /* Presentation */,
				9A4900942CE34F0800C167D3 /* Domain */,
				9A4900982CE34F4E00C167D3 /* Data */,
			);
			path = SignIn;
			sourceTree = "<group>";
		};
		9A49009F2CE3502B00C167D3 /* Features */ = {
			isa = PBXGroup;
			children = (
				9A49009E2CE3502400C167D3 /* SignIn */,
			);
			path = Features;
			sourceTree = "<group>";
		};
		9A4900A02CE3505000C167D3 /* Shared */ = {
			isa = PBXGroup;
			children = (
				9A4900A52CE3562200C167D3 /* Database */,
				9A4900A22CE3507A00C167D3 /* Utilities */,
				9A4900A12CE3507100C167D3 /* Network */,
			);
			path = Shared;
			sourceTree = "<group>";
		};
		9A4900A12CE3507100C167D3 /* Network */ = {
			isa = PBXGroup;
			children = (
				9A49007E2CE3393200C167D3 /* APIEndpoint.swift */,
				9A4900802CE3394A00C167D3 /* NetworkService.swift */,
			);
			path = Network;
			sourceTree = "<group>";
		};
		9A4900A22CE3507A00C167D3 /* Utilities */ = {
			isa = PBXGroup;
			children = (
				9A4900922CE34EEF00C167D3 /* Utilities.swift */,
			);
			path = Utilities;
			sourceTree = "<group>";
		};
		9A4900A32CE3514400C167D3 /* Configuration */ = {
			isa = PBXGroup;
			children = (
				9A4900542CE3388000C167D3 /* FlipCartApp.swift */,
				9A49008C2CE34DAE00C167D3 /* ContentView.swift */,
			);
			path = Configuration;
			sourceTree = "<group>";
		};
		9A4900A42CE3515700C167D3 /* Resources */ = {
			isa = PBXGroup;
			children = (
				9A4900582CE3388100C167D3 /* Assets.xcassets */,
			);
			path = Resources;
			sourceTree = "<group>";
		};
		9A4900A52CE3562200C167D3 /* Database */ = {
			isa = PBXGroup;
			children = (
				9A4900A62CE3562C00C167D3 /* CoreDataService.swift */,
			);
			path = Database;
			sourceTree = "<group>";
		};
		9A4900A82CE3569700C167D3 /* Persistence */ = {
			isa = PBXGroup;
			children = (
				9A4900A92CE356A100C167D3 /* AuthEntity.swift */,
			);
			path = Persistence;
			sourceTree = "<group>";
		};
/* End PBXGroup section */

/* Begin PBXNativeTarget section */
		9A4900502CE3388000C167D3 /* FlipCart */ = {
			isa = PBXNativeTarget;
			buildConfigurationList = 9A4900752CE3388200C167D3 /* Build configuration list for PBXNativeTarget "FlipCart" */;
			buildPhases = (
				9A49004D2CE3388000C167D3 /* Sources */,
				9A49004E2CE3388000C167D3 /* Frameworks */,
				9A49004F2CE3388000C167D3 /* Resources */,
			);
			buildRules = (
			);
			dependencies = (
			);
			name = FlipCart;
			productName = FlipCart;
			productReference = 9A4900512CE3388000C167D3 /* FlipCart.app */;
			productType = "com.apple.product-type.application";
		};
		9A4900602CE3388200C167D3 /* FlipCartTests */ = {
			isa = PBXNativeTarget;
			buildConfigurationList = 9A4900782CE3388200C167D3 /* Build configuration list for PBXNativeTarget "FlipCartTests" */;
			buildPhases = (
				9A49005D2CE3388200C167D3 /* Sources */,
				9A49005E2CE3388200C167D3 /* Frameworks */,
				9A49005F2CE3388200C167D3 /* Resources */,
			);
			buildRules = (
			);
			dependencies = (
				9A4900632CE3388200C167D3 /* PBXTargetDependency */,
			);
			name = FlipCartTests;
			productName = FlipCartTests;
			productReference = 9A4900612CE3388200C167D3 /* FlipCartTests.xctest */;
			productType = "com.apple.product-type.bundle.unit-test";
		};
		9A49006A2CE3388200C167D3 /* FlipCartUITests */ = {
			isa = PBXNativeTarget;
			buildConfigurationList = 9A49007B2CE3388200C167D3 /* Build configuration list for PBXNativeTarget "FlipCartUITests" */;
			buildPhases = (
				9A4900672CE3388200C167D3 /* Sources */,
				9A4900682CE3388200C167D3 /* Frameworks */,
				9A4900692CE3388200C167D3 /* Resources */,
			);
			buildRules = (
			);
			dependencies = (
				9A49006D2CE3388200C167D3 /* PBXTargetDependency */,
			);
			name = FlipCartUITests;
			productName = FlipCartUITests;
			productReference = 9A49006B2CE3388200C167D3 /* FlipCartUITests.xctest */;
			productType = "com.apple.product-type.bundle.ui-testing";
		};
/* End PBXNativeTarget section */

/* Begin PBXProject section */
		9A4900492CE3388000C167D3 /* Project object */ = {
			isa = PBXProject;
			attributes = {
				BuildIndependentTargetsInParallel = 1;
				LastSwiftUpdateCheck = 1520;
				LastUpgradeCheck = 1520;
				TargetAttributes = {
					9A4900502CE3388000C167D3 = {
						CreatedOnToolsVersion = 15.2;
					};
					9A4900602CE3388200C167D3 = {
						CreatedOnToolsVersion = 15.2;
						TestTargetID = 9A4900502CE3388000C167D3;
					};
					9A49006A2CE3388200C167D3 = {
						CreatedOnToolsVersion = 15.2;
						TestTargetID = 9A4900502CE3388000C167D3;
					};
				};
			};
			buildConfigurationList = 9A49004C2CE3388000C167D3 /* Build configuration list for PBXProject "FlipCart" */;
			compatibilityVersion = "Xcode 14.0";
			developmentRegion = en;
			hasScannedForEncodings = 0;
			knownRegions = (
				en,
				Base,
			);
			mainGroup = 9A4900482CE3388000C167D3;
			productRefGroup = 9A4900522CE3388000C167D3 /* Products */;
			projectDirPath = "";
			projectRoot = "";
			targets = (
				9A4900502CE3388000C167D3 /* FlipCart */,
				9A4900602CE3388200C167D3 /* FlipCartTests */,
				9A49006A2CE3388200C167D3 /* FlipCartUITests */,
			);
		};
/* End PBXProject section */

/* Begin PBXResourcesBuildPhase section */
		9A49004F2CE3388000C167D3 /* Resources */ = {
			isa = PBXResourcesBuildPhase;
			buildActionMask = 2147483647;
			files = (
				9A49005C2CE3388100C167D3 /* Preview Assets.xcassets in Resources */,
				9A4900592CE3388100C167D3 /* Assets.xcassets in Resources */,
			);
			runOnlyForDeploymentPostprocessing = 0;
		};
		9A49005F2CE3388200C167D3 /* Resources */ = {
			isa = PBXResourcesBuildPhase;
			buildActionMask = 2147483647;
			files = (
			);
			runOnlyForDeploymentPostprocessing = 0;
		};
		9A4900692CE3388200C167D3 /* Resources */ = {
			isa = PBXResourcesBuildPhase;
			buildActionMask = 2147483647;
			files = (
			);
			runOnlyForDeploymentPostprocessing = 0;
		};
/* End PBXResourcesBuildPhase section */

/* Begin PBXSourcesBuildPhase section */
		9A49004D2CE3388000C167D3 /* Sources */ = {
			isa = PBXSourcesBuildPhase;
			buildActionMask = 2147483647;
			files = (
				9A4900AA2CE356A100C167D3 /* AuthEntity.swift in Sources */,
				9A4900572CE3388000C167D3 /* SignInView.swift in Sources */,
				9A4900A72CE3562C00C167D3 /* CoreDataService.swift in Sources */,
				9A4900852CE3397400C167D3 /* AuthRepositoryImpl.swift in Sources */,
				9A4900932CE34EEF00C167D3 /* Utilities.swift in Sources */,
				9A4900872CE3398700C167D3 /* AuthCredentials.swift in Sources */,
				9A49007F2CE3393200C167D3 /* APIEndpoint.swift in Sources */,
				9A4900812CE3394A00C167D3 /* NetworkService.swift in Sources */,
				9A49009D2CE34FC700C167D3 /* SignInResponse.swift in Sources */,
				9A49008B2CE34D6D00C167D3 /* SignInViewModel.swift in Sources */,
				9A49008D2CE34DAE00C167D3 /* ContentView.swift in Sources */,
				9A4900832CE3395E00C167D3 /* AuthRepository.swift in Sources */,
				9A4900552CE3388000C167D3 /* FlipCartApp.swift in Sources */,
				9A4900892CE3399900C167D3 /* SignInUseCase.swift in Sources */,
			);
			runOnlyForDeploymentPostprocessing = 0;
		};
		9A49005D2CE3388200C167D3 /* Sources */ = {
			isa = PBXSourcesBuildPhase;
			buildActionMask = 2147483647;
			files = (
				9A4900662CE3388200C167D3 /* FlipCartTests.swift in Sources */,
			);
			runOnlyForDeploymentPostprocessing = 0;
		};
		9A4900672CE3388200C167D3 /* Sources */ = {
			isa = PBXSourcesBuildPhase;
			buildActionMask = 2147483647;
			files = (
				9A4900722CE3388200C167D3 /* FlipCartUITestsLaunchTests.swift in Sources */,
				9A4900702CE3388200C167D3 /* FlipCartUITests.swift in Sources */,
			);
			runOnlyForDeploymentPostprocessing = 0;
		};
/* End PBXSourcesBuildPhase section */

/* Begin PBXTargetDependency section */
		9A4900632CE3388200C167D3 /* PBXTargetDependency */ = {
			isa = PBXTargetDependency;
			target = 9A4900502CE3388000C167D3 /* FlipCart */;
			targetProxy = 9A4900622CE3388200C167D3 /* PBXContainerItemProxy */;
		};
		9A49006D2CE3388200C167D3 /* PBXTargetDependency */ = {
			isa = PBXTargetDependency;
			target = 9A4900502CE3388000C167D3 /* FlipCart */;
			targetProxy = 9A49006C2CE3388200C167D3 /* PBXContainerItemProxy */;
		};
/* End PBXTargetDependency section */

/* Begin XCBuildConfiguration section */
		9A4900732CE3388200C167D3 /* Debug */ = {
			isa = XCBuildConfiguration;
			buildSettings = {
				ALWAYS_SEARCH_USER_PATHS = NO;
				ASSETCATALOG_COMPILER_GENERATE_SWIFT_ASSET_SYMBOL_EXTENSIONS = YES;
				CLANG_ANALYZER_NONNULL = YES;
				CLANG_ANALYZER_NUMBER_OBJECT_CONVERSION = YES_AGGRESSIVE;
				CLANG_CXX_LANGUAGE_STANDARD = "gnu++20";
				CLANG_ENABLE_MODULES = YES;
				CLANG_ENABLE_OBJC_ARC = YES;
				CLANG_ENABLE_OBJC_WEAK = YES;
				CLANG_WARN_BLOCK_CAPTURE_AUTORELEASING = YES;
				CLANG_WARN_BOOL_CONVERSION = YES;
				CLANG_WARN_COMMA = YES;
				CLANG_WARN_CONSTANT_CONVERSION = YES;
				CLANG_WARN_DEPRECATED_OBJC_IMPLEMENTATIONS = YES;
				CLANG_WARN_DIRECT_OBJC_ISA_USAGE = YES_ERROR;
				CLANG_WARN_DOCUMENTATION_COMMENTS = YES;
				CLANG_WARN_EMPTY_BODY = YES;
				CLANG_WARN_ENUM_CONVERSION = YES;
				CLANG_WARN_INFINITE_RECURSION = YES;
				CLANG_WARN_INT_CONVERSION = YES;
				CLANG_WARN_NON_LITERAL_NULL_CONVERSION = YES;
				CLANG_WARN_OBJC_IMPLICIT_RETAIN_SELF = YES;
				CLANG_WARN_OBJC_LITERAL_CONVERSION = YES;
				CLANG_WARN_OBJC_ROOT_CLASS = YES_ERROR;
				CLANG_WARN_QUOTED_INCLUDE_IN_FRAMEWORK_HEADER = YES;
				CLANG_WARN_RANGE_LOOP_ANALYSIS = YES;
				CLANG_WARN_STRICT_PROTOTYPES = YES;
				CLANG_WARN_SUSPICIOUS_MOVE = YES;
				CLANG_WARN_UNGUARDED_AVAILABILITY = YES_AGGRESSIVE;
				CLANG_WARN_UNREACHABLE_CODE = YES;
				CLANG_WARN__DUPLICATE_METHOD_MATCH = YES;
				COPY_PHASE_STRIP = NO;
				DEBUG_INFORMATION_FORMAT = dwarf;
				ENABLE_STRICT_OBJC_MSGSEND = YES;
				ENABLE_TESTABILITY = YES;
				ENABLE_USER_SCRIPT_SANDBOXING = YES;
				GCC_C_LANGUAGE_STANDARD = gnu17;
				GCC_DYNAMIC_NO_PIC = NO;
				GCC_NO_COMMON_BLOCKS = YES;
				GCC_OPTIMIZATION_LEVEL = 0;
				GCC_PREPROCESSOR_DEFINITIONS = (
					"DEBUG=1",
					"$(inherited)",
				);
				GCC_WARN_64_TO_32_BIT_CONVERSION = YES;
				GCC_WARN_ABOUT_RETURN_TYPE = YES_ERROR;
				GCC_WARN_UNDECLARED_SELECTOR = YES;
				GCC_WARN_UNINITIALIZED_AUTOS = YES_AGGRESSIVE;
				GCC_WARN_UNUSED_FUNCTION = YES;
				GCC_WARN_UNUSED_VARIABLE = YES;
				IPHONEOS_DEPLOYMENT_TARGET = 17.2;
				LOCALIZATION_PREFERS_STRING_CATALOGS = YES;
				MTL_ENABLE_DEBUG_INFO = INCLUDE_SOURCE;
				MTL_FAST_MATH = YES;
				ONLY_ACTIVE_ARCH = YES;
				SDKROOT = iphoneos;
				SWIFT_ACTIVE_COMPILATION_CONDITIONS = "DEBUG $(inherited)";
				SWIFT_OPTIMIZATION_LEVEL = "-Onone";
			};
			name = Debug;
		};
		9A4900742CE3388200C167D3 /* Release */ = {
			isa = XCBuildConfiguration;
			buildSettings = {
				ALWAYS_SEARCH_USER_PATHS = NO;
				ASSETCATALOG_COMPILER_GENERATE_SWIFT_ASSET_SYMBOL_EXTENSIONS = YES;
				CLANG_ANALYZER_NONNULL = YES;
				CLANG_ANALYZER_NUMBER_OBJECT_CONVERSION = YES_AGGRESSIVE;
				CLANG_CXX_LANGUAGE_STANDARD = "gnu++20";
				CLANG_ENABLE_MODULES = YES;
				CLANG_ENABLE_OBJC_ARC = YES;
				CLANG_ENABLE_OBJC_WEAK = YES;
				CLANG_WARN_BLOCK_CAPTURE_AUTORELEASING = YES;
				CLANG_WARN_BOOL_CONVERSION = YES;
				CLANG_WARN_COMMA = YES;
				CLANG_WARN_CONSTANT_CONVERSION = YES;
				CLANG_WARN_DEPRECATED_OBJC_IMPLEMENTATIONS = YES;
				CLANG_WARN_DIRECT_OBJC_ISA_USAGE = YES_ERROR;
				CLANG_WARN_DOCUMENTATION_COMMENTS = YES;
				CLANG_WARN_EMPTY_BODY = YES;
				CLANG_WARN_ENUM_CONVERSION = YES;
				CLANG_WARN_INFINITE_RECURSION = YES;
				CLANG_WARN_INT_CONVERSION = YES;
				CLANG_WARN_NON_LITERAL_NULL_CONVERSION = YES;
				CLANG_WARN_OBJC_IMPLICIT_RETAIN_SELF = YES;
				CLANG_WARN_OBJC_LITERAL_CONVERSION = YES;
				CLANG_WARN_OBJC_ROOT_CLASS = YES_ERROR;
				CLANG_WARN_QUOTED_INCLUDE_IN_FRAMEWORK_HEADER = YES;
				CLANG_WARN_RANGE_LOOP_ANALYSIS = YES;
				CLANG_WARN_STRICT_PROTOTYPES = YES;
				CLANG_WARN_SUSPICIOUS_MOVE = YES;
				CLANG_WARN_UNGUARDED_AVAILABILITY = YES_AGGRESSIVE;
				CLANG_WARN_UNREACHABLE_CODE = YES;
				CLANG_WARN__DUPLICATE_METHOD_MATCH = YES;
				COPY_PHASE_STRIP = NO;
				DEBUG_INFORMATION_FORMAT = "dwarf-with-dsym";
				ENABLE_NS_ASSERTIONS = NO;
				ENABLE_STRICT_OBJC_MSGSEND = YES;
				ENABLE_USER_SCRIPT_SANDBOXING = YES;
				GCC_C_LANGUAGE_STANDARD = gnu17;
				GCC_NO_COMMON_BLOCKS = YES;
				GCC_WARN_64_TO_32_BIT_CONVERSION = YES;
				GCC_WARN_ABOUT_RETURN_TYPE = YES_ERROR;
				GCC_WARN_UNDECLARED_SELECTOR = YES;
				GCC_WARN_UNINITIALIZED_AUTOS = YES_AGGRESSIVE;
				GCC_WARN_UNUSED_FUNCTION = YES;
				GCC_WARN_UNUSED_VARIABLE = YES;
				IPHONEOS_DEPLOYMENT_TARGET = 17.2;
				LOCALIZATION_PREFERS_STRING_CATALOGS = YES;
				MTL_ENABLE_DEBUG_INFO = NO;
				MTL_FAST_MATH = YES;
				SDKROOT = iphoneos;
				SWIFT_COMPILATION_MODE = wholemodule;
				VALIDATE_PRODUCT = YES;
			};
			name = Release;
		};
		9A4900762CE3388200C167D3 /* Debug */ = {
			isa = XCBuildConfiguration;
			buildSettings = {
				ASSETCATALOG_COMPILER_APPICON_NAME = AppIcon;
				ASSETCATALOG_COMPILER_GLOBAL_ACCENT_COLOR_NAME = AccentColor;
				CODE_SIGN_STYLE = Automatic;
				CURRENT_PROJECT_VERSION = 1;
				DEVELOPMENT_ASSET_PATHS = "\"FlipCart/Preview Content\"";
				ENABLE_PREVIEWS = YES;
				GENERATE_INFOPLIST_FILE = YES;
				INFOPLIST_KEY_UIApplicationSceneManifest_Generation = YES;
				INFOPLIST_KEY_UIApplicationSupportsIndirectInputEvents = YES;
				INFOPLIST_KEY_UILaunchScreen_Generation = YES;
				INFOPLIST_KEY_UISupportedInterfaceOrientations_iPad = "UIInterfaceOrientationPortrait UIInterfaceOrientationPortraitUpsideDown UIInterfaceOrientationLandscapeLeft UIInterfaceOrientationLandscapeRight";
				INFOPLIST_KEY_UISupportedInterfaceOrientations_iPhone = "UIInterfaceOrientationPortrait UIInterfaceOrientationLandscapeLeft UIInterfaceOrientationLandscapeRight";
				LD_RUNPATH_SEARCH_PATHS = (
					"$(inherited)",
					"@executable_path/Frameworks",
				);
				MARKETING_VERSION = 1.0;
				PRODUCT_BUNDLE_IDENTIFIER = com.flipcart.FlipCart;
				PRODUCT_NAME = "$(TARGET_NAME)";
				SWIFT_EMIT_LOC_STRINGS = YES;
				SWIFT_VERSION = 5.0;
				TARGETED_DEVICE_FAMILY = "1,2";
			};
			name = Debug;
		};
		9A4900772CE3388200C167D3 /* Release */ = {
			isa = XCBuildConfiguration;
			buildSettings = {
				ASSETCATALOG_COMPILER_APPICON_NAME = AppIcon;
				ASSETCATALOG_COMPILER_GLOBAL_ACCENT_COLOR_NAME = AccentColor;
				CODE_SIGN_STYLE = Automatic;
				CURRENT_PROJECT_VERSION = 1;
				DEVELOPMENT_ASSET_PATHS = "\"FlipCart/Preview Content\"";
				ENABLE_PREVIEWS = YES;
				GENERATE_INFOPLIST_FILE = YES;
				INFOPLIST_KEY_UIApplicationSceneManifest_Generation = YES;
				INFOPLIST_KEY_UIApplicationSupportsIndirectInputEvents = YES;
				INFOPLIST_KEY_UILaunchScreen_Generation = YES;
				INFOPLIST_KEY_UISupportedInterfaceOrientations_iPad = "UIInterfaceOrientationPortrait UIInterfaceOrientationPortraitUpsideDown UIInterfaceOrientationLandscapeLeft UIInterfaceOrientationLandscapeRight";
				INFOPLIST_KEY_UISupportedInterfaceOrientations_iPhone = "UIInterfaceOrientationPortrait UIInterfaceOrientationLandscapeLeft UIInterfaceOrientationLandscapeRight";
				LD_RUNPATH_SEARCH_PATHS = (
					"$(inherited)",
					"@executable_path/Frameworks",
				);
				MARKETING_VERSION = 1.0;
				PRODUCT_BUNDLE_IDENTIFIER = com.flipcart.FlipCart;
				PRODUCT_NAME = "$(TARGET_NAME)";
				SWIFT_EMIT_LOC_STRINGS = YES;
				SWIFT_VERSION = 5.0;
				TARGETED_DEVICE_FAMILY = "1,2";
			};
			name = Release;
		};
		9A4900792CE3388200C167D3 /* Debug */ = {
			isa = XCBuildConfiguration;
			buildSettings = {
				ALWAYS_EMBED_SWIFT_STANDARD_LIBRARIES = YES;
				BUNDLE_LOADER = "$(TEST_HOST)";
				CODE_SIGN_STYLE = Automatic;
				CURRENT_PROJECT_VERSION = 1;
				GENERATE_INFOPLIST_FILE = YES;
				IPHONEOS_DEPLOYMENT_TARGET = 17.2;
				MARKETING_VERSION = 1.0;
				PRODUCT_BUNDLE_IDENTIFIER = com.flipcart.FlipCartTests;
				PRODUCT_NAME = "$(TARGET_NAME)";
				SWIFT_EMIT_LOC_STRINGS = NO;
				SWIFT_VERSION = 5.0;
				TARGETED_DEVICE_FAMILY = "1,2";
				TEST_HOST = "$(BUILT_PRODUCTS_DIR)/FlipCart.app/$(BUNDLE_EXECUTABLE_FOLDER_PATH)/FlipCart";
			};
			name = Debug;
		};
		9A49007A2CE3388200C167D3 /* Release */ = {
			isa = XCBuildConfiguration;
			buildSettings = {
				ALWAYS_EMBED_SWIFT_STANDARD_LIBRARIES = YES;
				BUNDLE_LOADER = "$(TEST_HOST)";
				CODE_SIGN_STYLE = Automatic;
				CURRENT_PROJECT_VERSION = 1;
				GENERATE_INFOPLIST_FILE = YES;
				IPHONEOS_DEPLOYMENT_TARGET = 17.2;
				MARKETING_VERSION = 1.0;
				PRODUCT_BUNDLE_IDENTIFIER = com.flipcart.FlipCartTests;
				PRODUCT_NAME = "$(TARGET_NAME)";
				SWIFT_EMIT_LOC_STRINGS = NO;
				SWIFT_VERSION = 5.0;
				TARGETED_DEVICE_FAMILY = "1,2";
				TEST_HOST = "$(BUILT_PRODUCTS_DIR)/FlipCart.app/$(BUNDLE_EXECUTABLE_FOLDER_PATH)/FlipCart";
			};
			name = Release;
		};
		9A49007C2CE3388200C167D3 /* Debug */ = {
			isa = XCBuildConfiguration;
			buildSettings = {
				ALWAYS_EMBED_SWIFT_STANDARD_LIBRARIES = YES;
				CODE_SIGN_STYLE = Automatic;
				CURRENT_PROJECT_VERSION = 1;
				GENERATE_INFOPLIST_FILE = YES;
				MARKETING_VERSION = 1.0;
				PRODUCT_BUNDLE_IDENTIFIER = com.flipcart.FlipCartUITests;
				PRODUCT_NAME = "$(TARGET_NAME)";
				SWIFT_EMIT_LOC_STRINGS = NO;
				SWIFT_VERSION = 5.0;
				TARGETED_DEVICE_FAMILY = "1,2";
				TEST_TARGET_NAME = FlipCart;
			};
			name = Debug;
		};
		9A49007D2CE3388200C167D3 /* Release */ = {
			isa = XCBuildConfiguration;
			buildSettings = {
				ALWAYS_EMBED_SWIFT_STANDARD_LIBRARIES = YES;
				CODE_SIGN_STYLE = Automatic;
				CURRENT_PROJECT_VERSION = 1;
				GENERATE_INFOPLIST_FILE = YES;
				MARKETING_VERSION = 1.0;
				PRODUCT_BUNDLE_IDENTIFIER = com.flipcart.FlipCartUITests;
				PRODUCT_NAME = "$(TARGET_NAME)";
				SWIFT_EMIT_LOC_STRINGS = NO;
				SWIFT_VERSION = 5.0;
				TARGETED_DEVICE_FAMILY = "1,2";
				TEST_TARGET_NAME = FlipCart;
			};
			name = Release;
		};
/* End XCBuildConfiguration section */

/* Begin XCConfigurationList section */
		9A49004C2CE3388000C167D3 /* Build configuration list for PBXProject "FlipCart" */ = {
			isa = XCConfigurationList;
			buildConfigurations = (
				9A4900732CE3388200C167D3 /* Debug */,
				9A4900742CE3388200C167D3 /* Release */,
			);
			defaultConfigurationIsVisible = 0;
			defaultConfigurationName = Release;
		};
		9A4900752CE3388200C167D3 /* Build configuration list for PBXNativeTarget "FlipCart" */ = {
			isa = XCConfigurationList;
			buildConfigurations = (
				9A4900762CE3388200C167D3 /* Debug */,
				9A4900772CE3388200C167D3 /* Release */,
			);
			defaultConfigurationIsVisible = 0;
			defaultConfigurationName = Release;
		};
		9A4900782CE3388200C167D3 /* Build configuration list for PBXNativeTarget "FlipCartTests" */ = {
			isa = XCConfigurationList;
			buildConfigurations = (
				9A4900792CE3388200C167D3 /* Debug */,
				9A49007A2CE3388200C167D3 /* Release */,
			);
			defaultConfigurationIsVisible = 0;
			defaultConfigurationName = Release;
		};
		9A49007B2CE3388200C167D3 /* Build configuration list for PBXNativeTarget "FlipCartUITests" */ = {
			isa = XCConfigurationList;
			buildConfigurations = (
				9A49007C2CE3388200C167D3 /* Debug */,
				9A49007D2CE3388200C167D3 /* Release */,
			);
			defaultConfigurationIsVisible = 0;
			defaultConfigurationName = Release;
		};
/* End XCConfigurationList section */
	};
	rootObject = 9A4900492CE3388000C167D3 /* Project object */;
}
